
Microsoft Visual Studio Solution File, Format Version 12.00
# Visual Studio Version 16
VisualStudioVersion = 16.0.30114.105
MinimumVisualStudioVersion = 10.0.40219.1
Project("{FAE04EC0-301F-11D3-BF4B-00C04F79EFBC}") = "API", "API\API.csproj", "{9B62D7A6-8822-4CC5-9D2F-3611A4748856}"
EndProject
Project("{FAE04EC0-301F-11D3-BF4B-00C04F79EFBC}") = "Application", "Application\Application.csproj", "{9E1F2476-7AC8-46F6-ACE6-03B8C416E30F}"
EndProject
Project("{FAE04EC0-301F-11D3-BF4B-00C04F79EFBC}") = "Persistence", "Persistence\Persistence.csproj", "{8B01DDE6-2C73-4F85-8939-79340F53926E}"
EndProject
Project("{FAE04EC0-301F-11D3-BF4B-00C04F79EFBC}") = "Domain", "Domain\Domain.csproj", "{DA8F48EF-8A8C-4822-B240-D6087EE86AA6}"
EndProject
Project("{FAE04EC0-301F-11D3-BF4B-00C04F79EFBC}") = "Infrastructure", "Infrastructure\Infrastructure.csproj", "{9483D5B6-7114-4475-AA65-774637130B7C}"
EndProject
Global
	GlobalSection(SolutionConfigurationPlatforms) = preSolution
		Debug|Any CPU = Debug|Any CPU
		Release|Any CPU = Release|Any CPU
	EndGlobalSection
	GlobalSection(SolutionProperties) = preSolution
		HideSolutionNode = FALSE
	EndGlobalSection
	GlobalSection(ProjectConfigurationPlatforms) = postSolution
		{9B62D7A6-8822-4CC5-9D2F-3611A4748856}.Debug|Any CPU.ActiveCfg = Debug|Any CPU
		{9B62D7A6-8822-4CC5-9D2F-3611A4748856}.Debug|Any CPU.Build.0 = Debug|Any CPU
		{9B62D7A6-8822-4CC5-9D2F-3611A4748856}.Release|Any CPU.ActiveCfg = Release|Any CPU
		{9B62D7A6-8822-4CC5-9D2F-3611A4748856}.Release|Any CPU.Build.0 = Release|Any CPU
		{9E1F2476-7AC8-46F6-ACE6-03B8C416E30F}.Debug|Any CPU.ActiveCfg = Debug|Any CPU
		{9E1F2476-7AC8-46F6-ACE6-03B8C416E30F}.Debug|Any CPU.Build.0 = Debug|Any CPU
		{9E1F2476-7AC8-46F6-ACE6-03B8C416E30F}.Release|Any CPU.ActiveCfg = Release|Any CPU
		{9E1F2476-7AC8-46F6-ACE6-03B8C416E30F}.Release|Any CPU.Build.0 = Release|Any CPU
		{8B01DDE6-2C73-4F85-8939-79340F53926E}.Debug|Any CPU.ActiveCfg = Debug|Any CPU
		{8B01DDE6-2C73-4F85-8939-79340F53926E}.Debug|Any CPU.Build.0 = Debug|Any CPU
		{8B01DDE6-2C73-4F85-8939-79340F53926E}.Release|Any CPU.ActiveCfg = Release|Any CPU
		{8B01DDE6-2C73-4F85-8939-79340F53926E}.Release|Any CPU.Build.0 = Release|Any CPU
		{DA8F48EF-8A8C-4822-B240-D6087EE86AA6}.Debug|Any CPU.ActiveCfg = Debug|Any CPU
		{DA8F48EF-8A8C-4822-B240-D6087EE86AA6}.Debug|Any CPU.Build.0 = Debug|Any CPU
		{DA8F48EF-8A8C-4822-B240-D6087EE86AA6}.Release|Any CPU.ActiveCfg = Release|Any CPU
		{DA8F48EF-8A8C-4822-B240-D6087EE86AA6}.Release|Any CPU.Build.0 = Release|Any CPU
		{9483D5B6-7114-4475-AA65-774637130B7C}.Debug|Any CPU.ActiveCfg = Debug|Any CPU
		{9483D5B6-7114-4475-AA65-774637130B7C}.Debug|Any CPU.Build.0 = Debug|Any CPU
		{9483D5B6-7114-4475-AA65-774637130B7C}.Release|Any CPU.ActiveCfg = Release|Any CPU
		{9483D5B6-7114-4475-AA65-774637130B7C}.Release|Any CPU.Build.0 = Release|Any CPU
	EndGlobalSection
EndGlobal
